github.com/cnnrznn/gomr v0.0.0-20200601205950-4e2201c081bb h1:xPFlifs0uPHa14kU1EanA2LXaOG3VQ0fNtoH/k53yoE=
github.com/cnnrznn/gomr v0.0.0-20200601205950-4e2201c081bb/go.mod h1:HTmBDeCOj45wP+1Bcr9TOiRktebVlIQabXNlrzc2KeM=
github.com/cnnrznn/gomr v0.0.0-20200601220559-b8763186b653 h1:JjN829vSgpdDqkx9AFZu32Pze++QwvwTsF+R2lk6SSg=
github.com/cnnrznn/gomr v0.0.0-20200601220559-b8763186b653/go.mod h1:HTmBDeCOj45wP+1Bcr9TOiRktebVlIQabXNlrzc2KeM=
